
Microsoft Visual Studio Solution File, Format Version 12.00
# Visual Studio 15
VisualStudioVersion = 15.0.28307.1267
MinimumVisualStudioVersion = 10.0.40219.1
Project("{FAE04EC0-301F-11D3-BF4B-00C04F79EFBC}") = "Patron_conception_fabrique_v2", "ConsoleApp1\Patron_conception_fabrique_v2.csproj", "{0C7150E6-D353-422B-89FE-1937CE7EEE8B}"
EndProject
Global
	GlobalSection(SolutionConfigurationPlatforms) = preSolution
		Debug|Any CPU = Debug|Any CPU
		Release|Any CPU = Release|Any CPU
	EndGlobalSection
	GlobalSection(ProjectConfigurationPlatforms) = postSolution
		{0C7150E6-D353-422B-89FE-1937CE7EEE8B}.Debug|Any CPU.ActiveCfg = Debug|Any CPU
		{0C7150E6-D353-422B-89FE-1937CE7EEE8B}.Debug|Any CPU.Build.0 = Debug|Any CPU
		{0C7150E6-D353-422B-89FE-1937CE7EEE8B}.Release|Any CPU.ActiveCfg = Release|Any CPU
		{0C7150E6-D353-422B-89FE-1937CE7EEE8B}.Release|Any CPU.Build.0 = Release|Any CPU
	EndGlobalSection
	GlobalSection(SolutionProperties) = preSolution
		HideSolutionNode = FALSE
	EndGlobalSection
	GlobalSection(ExtensibilityGlobals) = postSolution
		SolutionGuid = {459E8F60-8462-46DB-B5EA-553843322397}
	EndGlobalSection
EndGlobal
